# THIS IS AN AUTOGENERATED FILE. DO NOT EDIT THIS FILE DIRECTLY.
# yarn lockfile v1


chrome-types@^0.1.201:
  version "0.1.201"
  resolved "https://registry.yarnpkg.com/chrome-types/-/chrome-types-0.1.201.tgz#04435c24cc165198704570a729d918436d99b0d4"
  integrity sha512-qLkQfMNiD0x2TPCIfu/6upe1+qHO/Oz6/h6OthRxhf1JS2k9ZuCipLA3RMhNr6jr2HJZJE6GJ+I2jeOoEyHRcQ==

lodash-es@^4.17.21:
  version "4.17.21"
  resolved "https://registry.yarnpkg.com/lodash-es/-/lodash-es-4.17.21.tgz#43e626c46e6591b7750beb2b50117390c609e3ee"
  integrity sha512-mKnC+QJ9pWVzv+C4/U3rRsHapFfHvQFoFB92e52xeyGMcX6/OlIl78je1u8vePzYZSkkogMPJ2yjxxsb89cxyw==
